
Microsoft Visual Studio Solution File, Format Version 12.00
# Visual Studio Version 16
VisualStudioVersion = 16.0.31702.278
MinimumVisualStudioVersion = 10.0.40219.1
Project("{FAE04EC0-301F-11D3-BF4B-00C04F79EFBC}") = "JRod-Application", "JRod-Application\JRod-Application.csproj", "{4950D7B7-FE54-4F08-9B5D-7D7C8D0665AF}"
EndProject
Global
	GlobalSection(SolutionConfigurationPlatforms) = preSolution
		Debug|Any CPU = Debug|Any CPU
		Release|Any CPU = Release|Any CPU
	EndGlobalSection
	GlobalSection(ProjectConfigurationPlatforms) = postSolution
		{4950D7B7-FE54-4F08-9B5D-7D7C8D0665AF}.Debug|Any CPU.ActiveCfg = Debug|Any CPU
		{4950D7B7-FE54-4F08-9B5D-7D7C8D0665AF}.Debug|Any CPU.Build.0 = Debug|Any CPU
		{4950D7B7-FE54-4F08-9B5D-7D7C8D0665AF}.Release|Any CPU.ActiveCfg = Release|Any CPU
		{4950D7B7-FE54-4F08-9B5D-7D7C8D0665AF}.Release|Any CPU.Build.0 = Release|Any CPU
	EndGlobalSection
	GlobalSection(SolutionProperties) = preSolution
		HideSolutionNode = FALSE
	EndGlobalSection
	GlobalSection(ExtensibilityGlobals) = postSolution
		SolutionGuid = {DE8C12B8-70FB-4518-AADC-561353F99B62}
	EndGlobalSection
EndGlobal
